# THIS IS AN AUTOGENERATED FILE. DO NOT EDIT THIS FILE DIRECTLY.
# yarn lockfile v1


"@netgrep/search@^0.1.1":
  version "0.1.1"
  resolved "https://registry.yarnpkg.com/@netgrep/search/-/search-0.1.1.tgz#843fbe286c0325cb2dc0d2169ea864ad6f327078"
  integrity sha512-KBa3xFj+vzXXJR1ns+TetfWmY8vYSvtzfCv7JblpaRHNEvD+UFdMsSRtwnSxPi4Znkl7yqQv0kgd8qhYOuXoBw==
