# THIS IS AN AUTOGENERATED FILE. DO NOT EDIT THIS FILE DIRECTLY.
# yarn lockfile v1


"@netgrep/search@^0.1.2":
  version "0.1.2"
  resolved "https://registry.yarnpkg.com/@netgrep/search/-/search-0.1.2.tgz#2cc92e25c609bfaf2bafa3f889423e66225185dd"
  integrity sha512-1bWqCS9lc41EbT4n7WVFMV5b0jFisPdEKjZ/YtOC9widXuIQD0XtzcoF3WEHJSh0KyjP85NnANCAnF0HJ2xt4g==
