# THIS IS AN AUTOGENERATED FILE. DO NOT EDIT THIS FILE DIRECTLY.
# yarn lockfile v1


"@netgrep/search@^0.1.0":
  version "0.1.0"
  resolved "https://registry.yarnpkg.com/@netgrep/search/-/search-0.1.0.tgz#b39dfca0b8977848667ee715448800bde9fad590"
  integrity sha512-2hpMJ5tNLSVBquxSDyBpJFcIjuO3skaUnYCcz9hwKI2bgGWz/6raPMXHxjd3eIh/Dwx9Elh+nKrSCDSyJiDMIw==
